
Microsoft Visual Studio Solution File, Format Version 12.00
# Visual Studio Version 16
VisualStudioVersion = 16.0.29806.167
MinimumVisualStudioVersion = 10.0.40219.1
Project("{9A19103F-16F7-4668-BE54-9A1E7A4F7556}") = "Chess", "Chess\Chess.csproj", "{A0A103A0-0F1F-4B96-81BA-3687CCB8944F}"
EndProject
Project("{FAE04EC0-301F-11D3-BF4B-00C04F79EFBC}") = "Chess.UnitTests.Graph", "Chess.UnitTests.Graph\Chess.UnitTests.Graph.csproj", "{CD6B56C3-CE3C-47A1-8CD4-2C2B2DA40A44}"
EndProject
Global
	GlobalSection(SolutionConfigurationPlatforms) = preSolution
		Debug|Any CPU = Debug|Any CPU
		Release|Any CPU = Release|Any CPU
	EndGlobalSection
	GlobalSection(ProjectConfigurationPlatforms) = postSolution
		{A0A103A0-0F1F-4B96-81BA-3687CCB8944F}.Debug|Any CPU.ActiveCfg = Debug|Any CPU
		{A0A103A0-0F1F-4B96-81BA-3687CCB8944F}.Debug|Any CPU.Build.0 = Debug|Any CPU
		{A0A103A0-0F1F-4B96-81BA-3687CCB8944F}.Release|Any CPU.ActiveCfg = Release|Any CPU
		{A0A103A0-0F1F-4B96-81BA-3687CCB8944F}.Release|Any CPU.Build.0 = Release|Any CPU
		{CD6B56C3-CE3C-47A1-8CD4-2C2B2DA40A44}.Debug|Any CPU.ActiveCfg = Debug|Any CPU
		{CD6B56C3-CE3C-47A1-8CD4-2C2B2DA40A44}.Debug|Any CPU.Build.0 = Debug|Any CPU
		{CD6B56C3-CE3C-47A1-8CD4-2C2B2DA40A44}.Release|Any CPU.ActiveCfg = Release|Any CPU
		{CD6B56C3-CE3C-47A1-8CD4-2C2B2DA40A44}.Release|Any CPU.Build.0 = Release|Any CPU
	EndGlobalSection
	GlobalSection(SolutionProperties) = preSolution
		HideSolutionNode = FALSE
	EndGlobalSection
	GlobalSection(ExtensibilityGlobals) = postSolution
		SolutionGuid = {F4FCBFE2-E213-49AD-85FF-DE5EB6702887}
	EndGlobalSection
EndGlobal
